
Microsoft Visual Studio Solution File, Format Version 12.00
# Visual Studio Version 17
VisualStudioVersion = 17.5.33627.172
MinimumVisualStudioVersion = 10.0.40219.1
Project("{8BC9CEB8-8B4A-11D0-8D11-00A0C91BC942}") = "TCP_IP_Tutorial", "TCP_IP_Tutorial\TCP_IP_Tutorial.vcxproj", "{533FA5E6-1AEC-4300-BB96-C1A9D2430BFF}"
EndProject
Project("{8BC9CEB8-8B4A-11D0-8D11-00A0C91BC942}") = "hServerWin", "hServerWin\hServerWin.vcxproj", "{1C76B9E7-3DD3-4575-8304-1A59331AFCD8}"
EndProject
Project("{8BC9CEB8-8B4A-11D0-8D11-00A0C91BC942}") = "hClientWin", "hClientWin\hClientWin.vcxproj", "{8C1A7615-A906-475F-B18F-E5856556EF15}"
EndProject
Global
	GlobalSection(SolutionConfigurationPlatforms) = preSolution
		Debug|x64 = Debug|x64
		Debug|x86 = Debug|x86
		Release|x64 = Release|x64
		Release|x86 = Release|x86
	EndGlobalSection
	GlobalSection(ProjectConfigurationPlatforms) = postSolution
		{533FA5E6-1AEC-4300-BB96-C1A9D2430BFF}.Debug|x64.ActiveCfg = Debug|x64
		{533FA5E6-1AEC-4300-BB96-C1A9D2430BFF}.Debug|x64.Build.0 = Debug|x64
		{533FA5E6-1AEC-4300-BB96-C1A9D2430BFF}.Debug|x86.ActiveCfg = Debug|Win32
		{533FA5E6-1AEC-4300-BB96-C1A9D2430BFF}.Debug|x86.Build.0 = Debug|Win32
		{533FA5E6-1AEC-4300-BB96-C1A9D2430BFF}.Release|x64.ActiveCfg = Release|x64
		{533FA5E6-1AEC-4300-BB96-C1A9D2430BFF}.Release|x64.Build.0 = Release|x64
		{533FA5E6-1AEC-4300-BB96-C1A9D2430BFF}.Release|x86.ActiveCfg = Release|Win32
		{533FA5E6-1AEC-4300-BB96-C1A9D2430BFF}.Release|x86.Build.0 = Release|Win32
		{1C76B9E7-3DD3-4575-8304-1A59331AFCD8}.Debug|x64.ActiveCfg = Debug|x64
		{1C76B9E7-3DD3-4575-8304-1A59331AFCD8}.Debug|x64.Build.0 = Debug|x64
		{1C76B9E7-3DD3-4575-8304-1A59331AFCD8}.Debug|x86.ActiveCfg = Debug|Win32
		{1C76B9E7-3DD3-4575-8304-1A59331AFCD8}.Debug|x86.Build.0 = Debug|Win32
		{1C76B9E7-3DD3-4575-8304-1A59331AFCD8}.Release|x64.ActiveCfg = Release|x64
		{1C76B9E7-3DD3-4575-8304-1A59331AFCD8}.Release|x64.Build.0 = Release|x64
		{1C76B9E7-3DD3-4575-8304-1A59331AFCD8}.Release|x86.ActiveCfg = Release|Win32
		{1C76B9E7-3DD3-4575-8304-1A59331AFCD8}.Release|x86.Build.0 = Release|Win32
		{8C1A7615-A906-475F-B18F-E5856556EF15}.Debug|x64.ActiveCfg = Debug|x64
		{8C1A7615-A906-475F-B18F-E5856556EF15}.Debug|x64.Build.0 = Debug|x64
		{8C1A7615-A906-475F-B18F-E5856556EF15}.Debug|x86.ActiveCfg = Debug|Win32
		{8C1A7615-A906-475F-B18F-E5856556EF15}.Debug|x86.Build.0 = Debug|Win32
		{8C1A7615-A906-475F-B18F-E5856556EF15}.Release|x64.ActiveCfg = Release|x64
		{8C1A7615-A906-475F-B18F-E5856556EF15}.Release|x64.Build.0 = Release|x64
		{8C1A7615-A906-475F-B18F-E5856556EF15}.Release|x86.ActiveCfg = Release|Win32
		{8C1A7615-A906-475F-B18F-E5856556EF15}.Release|x86.Build.0 = Release|Win32
	EndGlobalSection
	GlobalSection(SolutionProperties) = preSolution
		HideSolutionNode = FALSE
	EndGlobalSection
	GlobalSection(ExtensibilityGlobals) = postSolution
		SolutionGuid = {89280695-A2CA-406D-98CD-0DD5267A18FD}
	EndGlobalSection
EndGlobal
