
Microsoft Visual Studio Solution File, Format Version 12.00
# Visual Studio Version 17
VisualStudioVersion = 17.5.33627.172
MinimumVisualStudioVersion = 10.0.40219.1
Project("{8BC9CEB8-8B4A-11D0-8D11-00A0C91BC942}") = "TCP_IP_Tutorial", "TCP_IP_Tutorial\TCP_IP_Tutorial.vcxproj", "{533FA5E6-1AEC-4300-BB96-C1A9D2430BFF}"
EndProject
Project("{8BC9CEB8-8B4A-11D0-8D11-00A0C91BC942}") = "hServerWin", "hServerWin\hServerWin.vcxproj", "{1C76B9E7-3DD3-4575-8304-1A59331AFCD8}"
EndProject
Project("{8BC9CEB8-8B4A-11D0-8D11-00A0C91BC942}") = "hClientWin", "hClientWin\hClientWin.vcxproj", "{8C1A7615-A906-475F-B18F-E5856556EF15}"
EndProject
Project("{8BC9CEB8-8B4A-11D0-8D11-00A0C91BC942}") = "hTCPClientWin", "hTCPClientWin\hTCPClientWin.vcxproj", "{A8916648-6B8F-4119-B7EA-AEB16E695293}"
EndProject
Project("{8BC9CEB8-8B4A-11D0-8D11-00A0C91BC942}") = "endian_conv_win", "endian_conv_win\endian_conv_win.vcxproj", "{A95C08AD-046C-4A49-A9BB-27A325161E1A}"
EndProject
Project("{8BC9CEB8-8B4A-11D0-8D11-00A0C91BC942}") = "Usinginet_addr_inet_ntoa", "Usinginet_addr_inet_ntoa\Usinginet_addr_inet_ntoa.vcxproj", "{2502DD42-F4A5-4D8D-AFFF-9EFFB38B1DFF}"
EndProject
Project("{8BC9CEB8-8B4A-11D0-8D11-00A0C91BC942}") = "Conv_addr_win", "Conv_addr_win\Conv_addr_win.vcxproj", "{3FE62A36-C682-497A-AD6B-F9A1B6FC26EB}"
EndProject
Project("{8BC9CEB8-8B4A-11D0-8D11-00A0C91BC942}") = "TCPServer", "TCPServer\TCPServer.vcxproj", "{51912F79-1BF3-4C7C-99A4-CCB9567D289B}"
EndProject
Project("{8BC9CEB8-8B4A-11D0-8D11-00A0C91BC942}") = "EchoClient", "EchoClient\EchoClient.vcxproj", "{683AE3F0-371E-4895-B61B-A34E5A68368B}"
EndProject
Project("{8BC9CEB8-8B4A-11D0-8D11-00A0C91BC942}") = "EchoClient2", "EchoClient2\EchoClient2.vcxproj", "{B072D692-34CC-4D28-8333-4B56723D6540}"
EndProject
Project("{8BC9CEB8-8B4A-11D0-8D11-00A0C91BC942}") = "op_client_win", "op_client_win\op_client_win.vcxproj", "{E0EFFEA0-7A31-4401-A805-465A27006188}"
EndProject
Global
	GlobalSection(SolutionConfigurationPlatforms) = preSolution
		Debug|x64 = Debug|x64
		Debug|x86 = Debug|x86
		Release|x64 = Release|x64
		Release|x86 = Release|x86
	EndGlobalSection
	GlobalSection(ProjectConfigurationPlatforms) = postSolution
		{533FA5E6-1AEC-4300-BB96-C1A9D2430BFF}.Debug|x64.ActiveCfg = Debug|x64
		{533FA5E6-1AEC-4300-BB96-C1A9D2430BFF}.Debug|x64.Build.0 = Debug|x64
		{533FA5E6-1AEC-4300-BB96-C1A9D2430BFF}.Debug|x86.ActiveCfg = Debug|Win32
		{533FA5E6-1AEC-4300-BB96-C1A9D2430BFF}.Debug|x86.Build.0 = Debug|Win32
		{533FA5E6-1AEC-4300-BB96-C1A9D2430BFF}.Release|x64.ActiveCfg = Release|x64
		{533FA5E6-1AEC-4300-BB96-C1A9D2430BFF}.Release|x64.Build.0 = Release|x64
		{533FA5E6-1AEC-4300-BB96-C1A9D2430BFF}.Release|x86.ActiveCfg = Release|Win32
		{533FA5E6-1AEC-4300-BB96-C1A9D2430BFF}.Release|x86.Build.0 = Release|Win32
		{1C76B9E7-3DD3-4575-8304-1A59331AFCD8}.Debug|x64.ActiveCfg = Debug|x64
		{1C76B9E7-3DD3-4575-8304-1A59331AFCD8}.Debug|x64.Build.0 = Debug|x64
		{1C76B9E7-3DD3-4575-8304-1A59331AFCD8}.Debug|x86.ActiveCfg = Debug|Win32
		{1C76B9E7-3DD3-4575-8304-1A59331AFCD8}.Debug|x86.Build.0 = Debug|Win32
		{1C76B9E7-3DD3-4575-8304-1A59331AFCD8}.Release|x64.ActiveCfg = Release|x64
		{1C76B9E7-3DD3-4575-8304-1A59331AFCD8}.Release|x64.Build.0 = Release|x64
		{1C76B9E7-3DD3-4575-8304-1A59331AFCD8}.Release|x86.ActiveCfg = Release|Win32
		{1C76B9E7-3DD3-4575-8304-1A59331AFCD8}.Release|x86.Build.0 = Release|Win32
		{8C1A7615-A906-475F-B18F-E5856556EF15}.Debug|x64.ActiveCfg = Debug|x64
		{8C1A7615-A906-475F-B18F-E5856556EF15}.Debug|x64.Build.0 = Debug|x64
		{8C1A7615-A906-475F-B18F-E5856556EF15}.Debug|x86.ActiveCfg = Debug|Win32
		{8C1A7615-A906-475F-B18F-E5856556EF15}.Debug|x86.Build.0 = Debug|Win32
		{8C1A7615-A906-475F-B18F-E5856556EF15}.Release|x64.ActiveCfg = Release|x64
		{8C1A7615-A906-475F-B18F-E5856556EF15}.Release|x64.Build.0 = Release|x64
		{8C1A7615-A906-475F-B18F-E5856556EF15}.Release|x86.ActiveCfg = Release|Win32
		{8C1A7615-A906-475F-B18F-E5856556EF15}.Release|x86.Build.0 = Release|Win32
		{A8916648-6B8F-4119-B7EA-AEB16E695293}.Debug|x64.ActiveCfg = Debug|x64
		{A8916648-6B8F-4119-B7EA-AEB16E695293}.Debug|x64.Build.0 = Debug|x64
		{A8916648-6B8F-4119-B7EA-AEB16E695293}.Debug|x86.ActiveCfg = Debug|Win32
		{A8916648-6B8F-4119-B7EA-AEB16E695293}.Debug|x86.Build.0 = Debug|Win32
		{A8916648-6B8F-4119-B7EA-AEB16E695293}.Release|x64.ActiveCfg = Release|x64
		{A8916648-6B8F-4119-B7EA-AEB16E695293}.Release|x64.Build.0 = Release|x64
		{A8916648-6B8F-4119-B7EA-AEB16E695293}.Release|x86.ActiveCfg = Release|Win32
		{A8916648-6B8F-4119-B7EA-AEB16E695293}.Release|x86.Build.0 = Release|Win32
		{A95C08AD-046C-4A49-A9BB-27A325161E1A}.Debug|x64.ActiveCfg = Debug|x64
		{A95C08AD-046C-4A49-A9BB-27A325161E1A}.Debug|x64.Build.0 = Debug|x64
		{A95C08AD-046C-4A49-A9BB-27A325161E1A}.Debug|x86.ActiveCfg = Debug|Win32
		{A95C08AD-046C-4A49-A9BB-27A325161E1A}.Debug|x86.Build.0 = Debug|Win32
		{A95C08AD-046C-4A49-A9BB-27A325161E1A}.Release|x64.ActiveCfg = Release|x64
		{A95C08AD-046C-4A49-A9BB-27A325161E1A}.Release|x64.Build.0 = Release|x64
		{A95C08AD-046C-4A49-A9BB-27A325161E1A}.Release|x86.ActiveCfg = Release|Win32
		{A95C08AD-046C-4A49-A9BB-27A325161E1A}.Release|x86.Build.0 = Release|Win32
		{2502DD42-F4A5-4D8D-AFFF-9EFFB38B1DFF}.Debug|x64.ActiveCfg = Debug|x64
		{2502DD42-F4A5-4D8D-AFFF-9EFFB38B1DFF}.Debug|x64.Build.0 = Debug|x64
		{2502DD42-F4A5-4D8D-AFFF-9EFFB38B1DFF}.Debug|x86.ActiveCfg = Debug|Win32
		{2502DD42-F4A5-4D8D-AFFF-9EFFB38B1DFF}.Debug|x86.Build.0 = Debug|Win32
		{2502DD42-F4A5-4D8D-AFFF-9EFFB38B1DFF}.Release|x64.ActiveCfg = Release|x64
		{2502DD42-F4A5-4D8D-AFFF-9EFFB38B1DFF}.Release|x64.Build.0 = Release|x64
		{2502DD42-F4A5-4D8D-AFFF-9EFFB38B1DFF}.Release|x86.ActiveCfg = Release|Win32
		{2502DD42-F4A5-4D8D-AFFF-9EFFB38B1DFF}.Release|x86.Build.0 = Release|Win32
		{3FE62A36-C682-497A-AD6B-F9A1B6FC26EB}.Debug|x64.ActiveCfg = Debug|x64
		{3FE62A36-C682-497A-AD6B-F9A1B6FC26EB}.Debug|x64.Build.0 = Debug|x64
		{3FE62A36-C682-497A-AD6B-F9A1B6FC26EB}.Debug|x86.ActiveCfg = Debug|Win32
		{3FE62A36-C682-497A-AD6B-F9A1B6FC26EB}.Debug|x86.Build.0 = Debug|Win32
		{3FE62A36-C682-497A-AD6B-F9A1B6FC26EB}.Release|x64.ActiveCfg = Release|x64
		{3FE62A36-C682-497A-AD6B-F9A1B6FC26EB}.Release|x64.Build.0 = Release|x64
		{3FE62A36-C682-497A-AD6B-F9A1B6FC26EB}.Release|x86.ActiveCfg = Release|Win32
		{3FE62A36-C682-497A-AD6B-F9A1B6FC26EB}.Release|x86.Build.0 = Release|Win32
		{51912F79-1BF3-4C7C-99A4-CCB9567D289B}.Debug|x64.ActiveCfg = Debug|x64
		{51912F79-1BF3-4C7C-99A4-CCB9567D289B}.Debug|x64.Build.0 = Debug|x64
		{51912F79-1BF3-4C7C-99A4-CCB9567D289B}.Debug|x86.ActiveCfg = Debug|Win32
		{51912F79-1BF3-4C7C-99A4-CCB9567D289B}.Debug|x86.Build.0 = Debug|Win32
		{51912F79-1BF3-4C7C-99A4-CCB9567D289B}.Release|x64.ActiveCfg = Release|x64
		{51912F79-1BF3-4C7C-99A4-CCB9567D289B}.Release|x64.Build.0 = Release|x64
		{51912F79-1BF3-4C7C-99A4-CCB9567D289B}.Release|x86.ActiveCfg = Release|Win32
		{51912F79-1BF3-4C7C-99A4-CCB9567D289B}.Release|x86.Build.0 = Release|Win32
		{683AE3F0-371E-4895-B61B-A34E5A68368B}.Debug|x64.ActiveCfg = Debug|x64
		{683AE3F0-371E-4895-B61B-A34E5A68368B}.Debug|x64.Build.0 = Debug|x64
		{683AE3F0-371E-4895-B61B-A34E5A68368B}.Debug|x86.ActiveCfg = Debug|Win32
		{683AE3F0-371E-4895-B61B-A34E5A68368B}.Debug|x86.Build.0 = Debug|Win32
		{683AE3F0-371E-4895-B61B-A34E5A68368B}.Release|x64.ActiveCfg = Release|x64
		{683AE3F0-371E-4895-B61B-A34E5A68368B}.Release|x64.Build.0 = Release|x64
		{683AE3F0-371E-4895-B61B-A34E5A68368B}.Release|x86.ActiveCfg = Release|Win32
		{683AE3F0-371E-4895-B61B-A34E5A68368B}.Release|x86.Build.0 = Release|Win32
		{B072D692-34CC-4D28-8333-4B56723D6540}.Debug|x64.ActiveCfg = Debug|x64
		{B072D692-34CC-4D28-8333-4B56723D6540}.Debug|x64.Build.0 = Debug|x64
		{B072D692-34CC-4D28-8333-4B56723D6540}.Debug|x86.ActiveCfg = Debug|Win32
		{B072D692-34CC-4D28-8333-4B56723D6540}.Debug|x86.Build.0 = Debug|Win32
		{B072D692-34CC-4D28-8333-4B56723D6540}.Release|x64.ActiveCfg = Release|x64
		{B072D692-34CC-4D28-8333-4B56723D6540}.Release|x64.Build.0 = Release|x64
		{B072D692-34CC-4D28-8333-4B56723D6540}.Release|x86.ActiveCfg = Release|Win32
		{B072D692-34CC-4D28-8333-4B56723D6540}.Release|x86.Build.0 = Release|Win32
		{E0EFFEA0-7A31-4401-A805-465A27006188}.Debug|x64.ActiveCfg = Debug|x64
		{E0EFFEA0-7A31-4401-A805-465A27006188}.Debug|x64.Build.0 = Debug|x64
		{E0EFFEA0-7A31-4401-A805-465A27006188}.Debug|x86.ActiveCfg = Debug|Win32
		{E0EFFEA0-7A31-4401-A805-465A27006188}.Debug|x86.Build.0 = Debug|Win32
		{E0EFFEA0-7A31-4401-A805-465A27006188}.Release|x64.ActiveCfg = Release|x64
		{E0EFFEA0-7A31-4401-A805-465A27006188}.Release|x64.Build.0 = Release|x64
		{E0EFFEA0-7A31-4401-A805-465A27006188}.Release|x86.ActiveCfg = Release|Win32
		{E0EFFEA0-7A31-4401-A805-465A27006188}.Release|x86.Build.0 = Release|Win32
	EndGlobalSection
	GlobalSection(SolutionProperties) = preSolution
		HideSolutionNode = FALSE
	EndGlobalSection
	GlobalSection(ExtensibilityGlobals) = postSolution
		SolutionGuid = {89280695-A2CA-406D-98CD-0DD5267A18FD}
	EndGlobalSection
EndGlobal
